
Microsoft Visual Studio Solution File, Format Version 12.00
# Visual Studio Version 17
VisualStudioVersion = 17.14.37111.16 d17.14
MinimumVisualStudioVersion = 10.0.40219.1
Project("{FAE04EC0-301F-11D3-BF4B-00C04F79EFBC}") = "ascendedAuth_v2", "ascendedAuth_v2.csproj", "{92CF2D54-2F46-497B-915A-030D01F49D4F}"
EndProject
Global
	GlobalSection(SolutionConfigurationPlatforms) = preSolution
		Debug|Any CPU = Debug|Any CPU
		Release|Any CPU = Release|Any CPU
	EndGlobalSection
	GlobalSection(ProjectConfigurationPlatforms) = postSolution
		{92CF2D54-2F46-497B-915A-030D01F49D4F}.Debug|Any CPU.ActiveCfg = Debug|Any CPU
		{92CF2D54-2F46-497B-915A-030D01F49D4F}.Debug|Any CPU.Build.0 = Debug|Any CPU
		{92CF2D54-2F46-497B-915A-030D01F49D4F}.Release|Any CPU.ActiveCfg = Release|Any CPU
		{92CF2D54-2F46-497B-915A-030D01F49D4F}.Release|Any CPU.Build.0 = Release|Any CPU
	EndGlobalSection
	GlobalSection(SolutionProperties) = preSolution
		HideSolutionNode = FALSE
	EndGlobalSection
	GlobalSection(ExtensibilityGlobals) = postSolution
		SolutionGuid = {2040EBE6-56F7-436C-B7F6-72B612F27955}
	EndGlobalSection
EndGlobal
